github.com/awalterschulze/gographviz v2.0.3+incompatible h1:9sVEXJBJLwGX7EQVhLm2elIKCm7P2YHFC8v6096G09E=
github.com/awalterschulze/gographviz v2.0.3+incompatible/go.mod h1:GEV5wmg4YquNw7v1kkyoX9etIk8yVmXj+AkDHuuETHs=
github.com/creack/pty v1.1.7/go.mod h1:lj5s0c3V2DBrqTV7llrYr5NG6My20zk30Fl46Y7DoTY=
github.com/creack/pty v1.1.18 h1:n56/Zwd5o6whRC5PMGretI4IdRLlmBXYNjScPaBgsbY=
github.com/creack/pty v1.1.18/go.mod h1:MOBLtS5ELjhRRrroQr9kyvTxUAFNvYEK993ew/Vr4O4=
github.com/cyrus-and/gdb v0.0.0-20230321224603-9424cb2f2a86 h1:kHMmK/Nv9EdcvZyk/nPJAMsyx/RvvDJuAlNGOiv4zeQ=
github.com/cyrus-and/gdb v0.0.0-20230321224603-9424cb2f2a86/go.mod h1:22k58xzfLfGi/n7fkt/c8uGafmNb3wXPxdL2g/j0SpE=
github.com/kr/pty v1.1.8 h1:AkaSdXYQOWeaO3neb8EM634ahkXXe3jYbVh/F9lq+GI=
github.com/kr/pty v1.1.8/go.mod h1:O1sed60cT9XZ5uDucP5qwvh+TE3NnUj51EiZO/lmSfw=
